{
  "requires": true,
  "lockfileVersion": 1,
  "dependencies": {
    "ckeditor5-build-rails": {
      "version": "18.0.1",
      "resolved": "https://registry.npmjs.org/ckeditor5-build-rails/-/ckeditor5-build-rails-18.0.1.tgz",
      "integrity": "sha512-ukLfMGOCBsiPWZHVtx7Q1ASAL9XuEsIdXhTn5iMIoFxC0XK6LbfWuD95ngCReJp068jpPHLrR8KrtvEBrrORXg=="
    }
  }
}
